// !$*UTF8*$!
{
	archiveVersion = 1;
	classes = {
	};
	objectVersion = 77;
	objects = {

/* Begin PBXBuildFile section */
		060779784E272BDF52C013A2 /* Assets.xcassets in Resources */ = {isa = PBXBuildFile; fileRef = 512EEE964BA40583388BDC7C /* Assets.xcassets */; };
		11473F7EC0B81B369D2B2E3F /* IntervalAlertTimerApp.swift in Sources */ = {isa = PBXBuildFile; fileRef = 1FB3A756CEBEEB0F230C954C /* IntervalAlertTimerApp.swift */; };
		1AA4CCAC07881346BC6B0F06 /* Theme.swift in Sources */ = {isa = PBXBuildFile; fileRef = FD11849DB5C0B0BA1F81E382 /* Theme.swift */; };
		26155C6F85B99326552BCFBA /* DurationPicker.swift in Sources */ = {isa = PBXBuildFile; fileRef = 5D0E8512A3C12ECC987C2047 /* DurationPicker.swift */; };
		26A9ECBE95D35555BE847EED /* PresetsView.swift in Sources */ = {isa = PBXBuildFile; fileRef = C3F67A1AE51831CE00D4B4AF /* PresetsView.swift */; };
		2914F0B4E8469B91D1491AB8 /* TimerActivityWidgetLiveActivity.swift in Sources */ = {isa = PBXBuildFile; fileRef = 9D8E4B0DA3BF84190F808670 /* TimerActivityWidgetLiveActivity.swift */; };
		2C2ABA20195274FBEC177885 /* ContentView.swift in Sources */ = {isa = PBXBuildFile; fileRef = 8285551F939047F13D769776 /* ContentView.swift */; };
		312C3D59047164597BA1941C /* ProgressRingView.swift in Sources */ = {isa = PBXBuildFile; fileRef = 062B75B5469BD7094DA07760 /* ProgressRingView.swift */; };
		33939F8DFB7E66974D29CBA8 /* AlertLevel.swift in Sources */ = {isa = PBXBuildFile; fileRef = A7D32A5C9D0D7CD758D88BAE /* AlertLevel.swift */; };
		363727D9AE6049857DC78114 /* GlowEffectView.swift in Sources */ = {isa = PBXBuildFile; fileRef = C946542EE430E87969F6C719 /* GlowEffectView.swift */; };
		3A4BF5B0870825F2816263A0 /* AlertLevel.swift in Sources */ = {isa = PBXBuildFile; fileRef = A7D32A5C9D0D7CD758D88BAE /* AlertLevel.swift */; };
		5E5F7D87A6F8B04D004C8930 /* TimerPreset.swift in Sources */ = {isa = PBXBuildFile; fileRef = 8E6E48ACB106A6D646970C7C /* TimerPreset.swift */; };
		6D59AB4B6B19FC8DCE69D6AF /* TimerEngine.swift in Sources */ = {isa = PBXBuildFile; fileRef = 5CF0C9879DD01F1984F217E9 /* TimerEngine.swift */; };
		773770FF48BD01D0B936CE4B /* NotificationService.swift in Sources */ = {isa = PBXBuildFile; fileRef = 8C3EF2C3176C2DB42C839140 /* NotificationService.swift */; };
		7FFAD6ED4E923A29AE97EEE8 /* TimerActivityWidgetBundle.swift in Sources */ = {isa = PBXBuildFile; fileRef = 8693C55A9D86D124E3C76427 /* TimerActivityWidgetBundle.swift */; };
		8FDFF84815F0BBFA22DAC0E1 /* Assets.xcassets in Resources */ = {isa = PBXBuildFile; fileRef = A9E8D2C1E5BD098AB0DB6067 /* Assets.xcassets */; };
		A3C30B1C9F8F63A1FACBE979 /* SetupView.swift in Sources */ = {isa = PBXBuildFile; fileRef = 0ADDCD5560E42A40A46EEBC8 /* SetupView.swift */; };
		A8F624E507FEFADAB1C2D935 /* TimerRunningView.swift in Sources */ = {isa = PBXBuildFile; fileRef = 19B50D8FDBFA01F96E086E32 /* TimerRunningView.swift */; };
		AF1F22B0E701B3CA3BDA056D /* TimerActivityWidgetExtension.appex in Embed Foundation Extensions */ = {isa = PBXBuildFile; fileRef = 807F6128046C418DDC1BAE45 /* TimerActivityWidgetExtension.appex */; settings = {ATTRIBUTES = (RemoveHeadersOnCopy, ); }; };
		AFC6F309DB5FE7DE1AA138B8 /* TimerActivityAttributes.swift in Sources */ = {isa = PBXBuildFile; fileRef = 963E2384D602304CF6A90E84 /* TimerActivityAttributes.swift */; };
		B18EF25A22B8DEDD6C3BE798 /* AppDelegate.swift in Sources */ = {isa = PBXBuildFile; fileRef = 06F06AF59A44D949724EAAB9 /* AppDelegate.swift */; };
		B55E602EE5649F544F4A3503 /* TimerActivityAttributes.swift in Sources */ = {isa = PBXBuildFile; fileRef = 963E2384D602304CF6A90E84 /* TimerActivityAttributes.swift */; };
		BC80CA31924010DCA8F2D0F1 /* TimerConfiguration.swift in Sources */ = {isa = PBXBuildFile; fileRef = 4EA8C4FEFD8A044C9889A917 /* TimerConfiguration.swift */; };
		BE52B0113218944C8FB58FC1 /* Theme.swift in Sources */ = {isa = PBXBuildFile; fileRef = FD11849DB5C0B0BA1F81E382 /* Theme.swift */; };
		C07B8DD7834AA5CE53589D82 /* HapticService.swift in Sources */ = {isa = PBXBuildFile; fileRef = 3155ED31496ADF1288D30570 /* HapticService.swift */; };
		E6E658599D7BE51ADC819DAB /* AudioService.swift in Sources */ = {isa = PBXBuildFile; fileRef = D3E6C4C5E83CC0B125D8B93B /* AudioService.swift */; };
		FDE150F31B912FD620ADA44C /* IntervalModePicker.swift in Sources */ = {isa = PBXBuildFile; fileRef = F84686CFBC92820117E1F175 /* IntervalModePicker.swift */; };
		F1A2B3C4D5E6F789AB000001 /* TimerLiveActivityIntents.swift in Sources */ = {isa = PBXBuildFile; fileRef = F1A2B3C4D5E6F789AB000000 /* TimerLiveActivityIntents.swift */; };
		F1A2B3C4D5E6F789AB000002 /* TimerLiveActivityIntents.swift in Sources */ = {isa = PBXBuildFile; fileRef = F1A2B3C4D5E6F789AB000000 /* TimerLiveActivityIntents.swift */; };
		FE3ED684370A02F71B06D550 /* TimerConfiguration.swift in Sources */ = {isa = PBXBuildFile; fileRef = 4EA8C4FEFD8A044C9889A917 /* TimerConfiguration.swift */; };
/* End PBXBuildFile section */

/* Begin PBXContainerItemProxy section */
		3FC5EA8427B84ADC7825B830 /* PBXContainerItemProxy */ = {
			isa = PBXContainerItemProxy;
			containerPortal = 8D5D8011EFA45F12AF1EC3CF /* Project object */;
			proxyType = 1;
			remoteGlobalIDString = 5B7854CF3BE2D9B9128620EA;
			remoteInfo = TimerActivityWidgetExtension;
		};
/* End PBXContainerItemProxy section */

/* Begin PBXCopyFilesBuildPhase section */
		406B463C510DC663C5BC4640 /* Embed Foundation Extensions */ = {
			isa = PBXCopyFilesBuildPhase;
			buildActionMask = 2147483647;
			dstPath = "";
			dstSubfolderSpec = 13;
			files = (
				AF1F22B0E701B3CA3BDA056D /* TimerActivityWidgetExtension.appex in Embed Foundation Extensions */,
			);
			name = "Embed Foundation Extensions";
			runOnlyForDeploymentPostprocessing = 0;
		};
/* End PBXCopyFilesBuildPhase section */

/* Begin PBXFileReference section */
		062B75B5469BD7094DA07760 /* ProgressRingView.swift */ = {isa = PBXFileReference; lastKnownFileType = sourcecode.swift; path = ProgressRingView.swift; sourceTree = "<group>"; };
		06F06AF59A44D949724EAAB9 /* AppDelegate.swift */ = {isa = PBXFileReference; lastKnownFileType = sourcecode.swift; path = AppDelegate.swift; sourceTree = "<group>"; };
		0ADDCD5560E42A40A46EEBC8 /* SetupView.swift */ = {isa = PBXFileReference; lastKnownFileType = sourcecode.swift; path = SetupView.swift; sourceTree = "<group>"; };
		19B50D8FDBFA01F96E086E32 /* TimerRunningView.swift */ = {isa = PBXFileReference; lastKnownFileType = sourcecode.swift; path = TimerRunningView.swift; sourceTree = "<group>"; };
		1FB3A756CEBEEB0F230C954C /* IntervalAlertTimerApp.swift */ = {isa = PBXFileReference; lastKnownFileType = sourcecode.swift; path = IntervalAlertTimerApp.swift; sourceTree = "<group>"; };
		3155ED31496ADF1288D30570 /* HapticService.swift */ = {isa = PBXFileReference; lastKnownFileType = sourcecode.swift; path = HapticService.swift; sourceTree = "<group>"; };
		34542350E8BF0AB5476653C8 /* IntervalAlertTimer.app */ = {isa = PBXFileReference; includeInIndex = 0; lastKnownFileType = wrapper.application; path = IntervalAlertTimer.app; sourceTree = BUILT_PRODUCTS_DIR; };
		4EA8C4FEFD8A044C9889A917 /* TimerConfiguration.swift */ = {isa = PBXFileReference; lastKnownFileType = sourcecode.swift; path = TimerConfiguration.swift; sourceTree = "<group>"; };
		512EEE964BA40583388BDC7C /* Assets.xcassets */ = {isa = PBXFileReference; lastKnownFileType = folder.assetcatalog; path = Assets.xcassets; sourceTree = "<group>"; };
		5CF0C9879DD01F1984F217E9 /* TimerEngine.swift */ = {isa = PBXFileReference; lastKnownFileType = sourcecode.swift; path = TimerEngine.swift; sourceTree = "<group>"; };
		5D0E8512A3C12ECC987C2047 /* DurationPicker.swift */ = {isa = PBXFileReference; lastKnownFileType = sourcecode.swift; path = DurationPicker.swift; sourceTree = "<group>"; };
		807F6128046C418DDC1BAE45 /* TimerActivityWidgetExtension.appex */ = {isa = PBXFileReference; includeInIndex = 0; lastKnownFileType = "wrapper.app-extension"; path = TimerActivityWidgetExtension.appex; sourceTree = BUILT_PRODUCTS_DIR; };
		8285551F939047F13D769776 /* ContentView.swift */ = {isa = PBXFileReference; lastKnownFileType = sourcecode.swift; path = ContentView.swift; sourceTree = "<group>"; };
		8693C55A9D86D124E3C76427 /* TimerActivityWidgetBundle.swift */ = {isa = PBXFileReference; lastKnownFileType = sourcecode.swift; path = TimerActivityWidgetBundle.swift; sourceTree = "<group>"; };
		8C3EF2C3176C2DB42C839140 /* NotificationService.swift */ = {isa = PBXFileReference; lastKnownFileType = sourcecode.swift; path = NotificationService.swift; sourceTree = "<group>"; };
		8E6E48ACB106A6D646970C7C /* TimerPreset.swift */ = {isa = PBXFileReference; lastKnownFileType = sourcecode.swift; path = TimerPreset.swift; sourceTree = "<group>"; };
		963E2384D602304CF6A90E84 /* TimerActivityAttributes.swift */ = {isa = PBXFileReference; lastKnownFileType = sourcecode.swift; path = TimerActivityAttributes.swift; sourceTree = "<group>"; };
		9D8E4B0DA3BF84190F808670 /* TimerActivityWidgetLiveActivity.swift */ = {isa = PBXFileReference; lastKnownFileType = sourcecode.swift; path = TimerActivityWidgetLiveActivity.swift; sourceTree = "<group>"; };
		A7D32A5C9D0D7CD758D88BAE /* AlertLevel.swift */ = {isa = PBXFileReference; lastKnownFileType = sourcecode.swift; path = AlertLevel.swift; sourceTree = "<group>"; };
		A9E8D2C1E5BD098AB0DB6067 /* Assets.xcassets */ = {isa = PBXFileReference; lastKnownFileType = folder.assetcatalog; path = Assets.xcassets; sourceTree = "<group>"; };
		C3F67A1AE51831CE00D4B4AF /* PresetsView.swift */ = {isa = PBXFileReference; lastKnownFileType = sourcecode.swift; path = PresetsView.swift; sourceTree = "<group>"; };
		C946542EE430E87969F6C719 /* GlowEffectView.swift */ = {isa = PBXFileReference; lastKnownFileType = sourcecode.swift; path = GlowEffectView.swift; sourceTree = "<group>"; };
		D3E6C4C5E83CC0B125D8B93B /* AudioService.swift */ = {isa = PBXFileReference; lastKnownFileType = sourcecode.swift; path = AudioService.swift; sourceTree = "<group>"; };
		DF031D51263DD99D7BA4FA27 /* Info.plist */ = {isa = PBXFileReference; lastKnownFileType = text.plist; path = Info.plist; sourceTree = "<group>"; };
		F84686CFBC92820117E1F175 /* IntervalModePicker.swift */ = {isa = PBXFileReference; lastKnownFileType = sourcecode.swift; path = IntervalModePicker.swift; sourceTree = "<group>"; };
		F1A2B3C4D5E6F789AB000000 /* TimerLiveActivityIntents.swift */ = {isa = PBXFileReference; lastKnownFileType = sourcecode.swift; path = TimerLiveActivityIntents.swift; sourceTree = "<group>"; };
		FD11849DB5C0B0BA1F81E382 /* Theme.swift */ = {isa = PBXFileReference; lastKnownFileType = sourcecode.swift; path = Theme.swift; sourceTree = "<group>"; };
/* End PBXFileReference section */

/* Begin PBXGroup section */
		02B08E46ACD8F4451F20474E /* Models */ = {
			isa = PBXGroup;
			children = (
				8E6E48ACB106A6D646970C7C /* TimerPreset.swift */,
			);
			path = Models;
			sourceTree = "<group>";
		};
		0DD88BF020F6801FF09257DE /* Components */ = {
			isa = PBXGroup;
			children = (
				5D0E8512A3C12ECC987C2047 /* DurationPicker.swift */,
				C946542EE430E87969F6C719 /* GlowEffectView.swift */,
				F84686CFBC92820117E1F175 /* IntervalModePicker.swift */,
				062B75B5469BD7094DA07760 /* ProgressRingView.swift */,
			);
			path = Components;
			sourceTree = "<group>";
		};
		5829FC477F15B86F372D8379 /* IntervalAlertTimer */ = {
			isa = PBXGroup;
			children = (
				512EEE964BA40583388BDC7C /* Assets.xcassets */,
				CE8CE417DD44CB528F598AD6 /* App */,
				02B08E46ACD8F4451F20474E /* Models */,
				F03079192A9D9EED70FF86CE /* Services */,
				7EFBA636B39D2CD31ADCC642 /* Views */,
			);
			path = IntervalAlertTimer;
			sourceTree = "<group>";
		};
		7EFBA636B39D2CD31ADCC642 /* Views */ = {
			isa = PBXGroup;
			children = (
				8285551F939047F13D769776 /* ContentView.swift */,
				C3F67A1AE51831CE00D4B4AF /* PresetsView.swift */,
				0ADDCD5560E42A40A46EEBC8 /* SetupView.swift */,
				19B50D8FDBFA01F96E086E32 /* TimerRunningView.swift */,
				0DD88BF020F6801FF09257DE /* Components */,
			);
			path = Views;
			sourceTree = "<group>";
		};
		9064FC125DAFDC1EA4D6E52C /* Shared */ = {
			isa = PBXGroup;
			children = (
				A7D32A5C9D0D7CD758D88BAE /* AlertLevel.swift */,
				FD11849DB5C0B0BA1F81E382 /* Theme.swift */,
				963E2384D602304CF6A90E84 /* TimerActivityAttributes.swift */,
				4EA8C4FEFD8A044C9889A917 /* TimerConfiguration.swift */,
				F1A2B3C4D5E6F789AB000000 /* TimerLiveActivityIntents.swift */,
			);
			path = Shared;
			sourceTree = "<group>";
		};
		C164202A6793C4E91A6031E4 /* Products */ = {
			isa = PBXGroup;
			children = (
				34542350E8BF0AB5476653C8 /* IntervalAlertTimer.app */,
				807F6128046C418DDC1BAE45 /* TimerActivityWidgetExtension.appex */,
			);
			name = Products;
			sourceTree = "<group>";
		};
		CE8CE417DD44CB528F598AD6 /* App */ = {
			isa = PBXGroup;
			children = (
				06F06AF59A44D949724EAAB9 /* AppDelegate.swift */,
				1FB3A756CEBEEB0F230C954C /* IntervalAlertTimerApp.swift */,
			);
			path = App;
			sourceTree = "<group>";
		};
		DDCF4505EC29EAFB11E537AA /* TimerActivityWidget */ = {
			isa = PBXGroup;
			children = (
				A9E8D2C1E5BD098AB0DB6067 /* Assets.xcassets */,
				DF031D51263DD99D7BA4FA27 /* Info.plist */,
				8693C55A9D86D124E3C76427 /* TimerActivityWidgetBundle.swift */,
				9D8E4B0DA3BF84190F808670 /* TimerActivityWidgetLiveActivity.swift */,
			);
			path = TimerActivityWidget;
			sourceTree = "<group>";
		};
		E507CD5E0D278754C7338C7B = {
			isa = PBXGroup;
			children = (
				5829FC477F15B86F372D8379 /* IntervalAlertTimer */,
				9064FC125DAFDC1EA4D6E52C /* Shared */,
				DDCF4505EC29EAFB11E537AA /* TimerActivityWidget */,
				C164202A6793C4E91A6031E4 /* Products */,
			);
			sourceTree = "<group>";
		};
		F03079192A9D9EED70FF86CE /* Services */ = {
			isa = PBXGroup;
			children = (
				D3E6C4C5E83CC0B125D8B93B /* AudioService.swift */,
				3155ED31496ADF1288D30570 /* HapticService.swift */,
				8C3EF2C3176C2DB42C839140 /* NotificationService.swift */,
				5CF0C9879DD01F1984F217E9 /* TimerEngine.swift */,
			);
			path = Services;
			sourceTree = "<group>";
		};
/* End PBXGroup section */

/* Begin PBXNativeTarget section */
		5B7854CF3BE2D9B9128620EA /* TimerActivityWidgetExtension */ = {
			isa = PBXNativeTarget;
			buildConfigurationList = B1BAB1640A3DE373529A452A /* Build configuration list for PBXNativeTarget "TimerActivityWidgetExtension" */;
			buildPhases = (
				0BBC0B6BF77DDC0229CD80D2 /* Sources */,
				8A06E9B8D808CCB59E3294EC /* Resources */,
			);
			buildRules = (
			);
			dependencies = (
			);
			name = TimerActivityWidgetExtension;
			packageProductDependencies = (
			);
			productName = TimerActivityWidgetExtension;
			productReference = 807F6128046C418DDC1BAE45 /* TimerActivityWidgetExtension.appex */;
			productType = "com.apple.product-type.app-extension";
		};
		75926A30B29CBBF632B1CE8F /* IntervalAlertTimer */ = {
			isa = PBXNativeTarget;
			buildConfigurationList = 32EF395B50FAFE56D612B14C /* Build configuration list for PBXNativeTarget "IntervalAlertTimer" */;
			buildPhases = (
				B31BA63FBA18E5DBF373A3FD /* Sources */,
				7ED466F88998F751CCFE6E7A /* Resources */,
				406B463C510DC663C5BC4640 /* Embed Foundation Extensions */,
			);
			buildRules = (
			);
			dependencies = (
				8A3BCC94397940A6DD8FBD38 /* PBXTargetDependency */,
			);
			name = IntervalAlertTimer;
			packageProductDependencies = (
			);
			productName = IntervalAlertTimer;
			productReference = 34542350E8BF0AB5476653C8 /* IntervalAlertTimer.app */;
			productType = "com.apple.product-type.application";
		};
/* End PBXNativeTarget section */

/* Begin PBXProject section */
		8D5D8011EFA45F12AF1EC3CF /* Project object */ = {
			isa = PBXProject;
			attributes = {
				BuildIndependentTargetsInParallel = YES;
				LastUpgradeCheck = 2600;
				TargetAttributes = {
					5B7854CF3BE2D9B9128620EA = {
						DevelopmentTeam = U3MBVHK77C;
						ProvisioningStyle = Automatic;
					};
					75926A30B29CBBF632B1CE8F = {
						DevelopmentTeam = U3MBVHK77C;
						ProvisioningStyle = Automatic;
					};
				};
			};
			buildConfigurationList = CA439D2B0512B6790532B3CA /* Build configuration list for PBXProject "IntervalAlertTimer" */;
			compatibilityVersion = "Xcode 14.0";
			developmentRegion = en;
			hasScannedForEncodings = 0;
			knownRegions = (
				Base,
				en,
			);
			mainGroup = E507CD5E0D278754C7338C7B;
			minimizedProjectReferenceProxies = 1;
			preferredProjectObjectVersion = 77;
			projectDirPath = "";
			projectRoot = "";
			targets = (
				75926A30B29CBBF632B1CE8F /* IntervalAlertTimer */,
				5B7854CF3BE2D9B9128620EA /* TimerActivityWidgetExtension */,
			);
		};
/* End PBXProject section */

/* Begin PBXResourcesBuildPhase section */
		7ED466F88998F751CCFE6E7A /* Resources */ = {
			isa = PBXResourcesBuildPhase;
			buildActionMask = 2147483647;
			files = (
				060779784E272BDF52C013A2 /* Assets.xcassets in Resources */,
			);
			runOnlyForDeploymentPostprocessing = 0;
		};
		8A06E9B8D808CCB59E3294EC /* Resources */ = {
			isa = PBXResourcesBuildPhase;
			buildActionMask = 2147483647;
			files = (
				8FDFF84815F0BBFA22DAC0E1 /* Assets.xcassets in Resources */,
			);
			runOnlyForDeploymentPostprocessing = 0;
		};
/* End PBXResourcesBuildPhase section */

/* Begin PBXSourcesBuildPhase section */
		0BBC0B6BF77DDC0229CD80D2 /* Sources */ = {
			isa = PBXSourcesBuildPhase;
			buildActionMask = 2147483647;
			files = (
				3A4BF5B0870825F2816263A0 /* AlertLevel.swift in Sources */,
				BE52B0113218944C8FB58FC1 /* Theme.swift in Sources */,
				B55E602EE5649F544F4A3503 /* TimerActivityAttributes.swift in Sources */,
				7FFAD6ED4E923A29AE97EEE8 /* TimerActivityWidgetBundle.swift in Sources */,
				2914F0B4E8469B91D1491AB8 /* TimerActivityWidgetLiveActivity.swift in Sources */,
				FE3ED684370A02F71B06D550 /* TimerConfiguration.swift in Sources */,
				F1A2B3C4D5E6F789AB000002 /* TimerLiveActivityIntents.swift in Sources */,
			);
			runOnlyForDeploymentPostprocessing = 0;
		};
		B31BA63FBA18E5DBF373A3FD /* Sources */ = {
			isa = PBXSourcesBuildPhase;
			buildActionMask = 2147483647;
			files = (
				33939F8DFB7E66974D29CBA8 /* AlertLevel.swift in Sources */,
				B18EF25A22B8DEDD6C3BE798 /* AppDelegate.swift in Sources */,
				E6E658599D7BE51ADC819DAB /* AudioService.swift in Sources */,
				2C2ABA20195274FBEC177885 /* ContentView.swift in Sources */,
				26155C6F85B99326552BCFBA /* DurationPicker.swift in Sources */,
				363727D9AE6049857DC78114 /* GlowEffectView.swift in Sources */,
				C07B8DD7834AA5CE53589D82 /* HapticService.swift in Sources */,
				11473F7EC0B81B369D2B2E3F /* IntervalAlertTimerApp.swift in Sources */,
				FDE150F31B912FD620ADA44C /* IntervalModePicker.swift in Sources */,
				773770FF48BD01D0B936CE4B /* NotificationService.swift in Sources */,
				26A9ECBE95D35555BE847EED /* PresetsView.swift in Sources */,
				312C3D59047164597BA1941C /* ProgressRingView.swift in Sources */,
				A3C30B1C9F8F63A1FACBE979 /* SetupView.swift in Sources */,
				1AA4CCAC07881346BC6B0F06 /* Theme.swift in Sources */,
				AFC6F309DB5FE7DE1AA138B8 /* TimerActivityAttributes.swift in Sources */,
				BC80CA31924010DCA8F2D0F1 /* TimerConfiguration.swift in Sources */,
				6D59AB4B6B19FC8DCE69D6AF /* TimerEngine.swift in Sources */,
				F1A2B3C4D5E6F789AB000001 /* TimerLiveActivityIntents.swift in Sources */,
				5E5F7D87A6F8B04D004C8930 /* TimerPreset.swift in Sources */,
				A8F624E507FEFADAB1C2D935 /* TimerRunningView.swift in Sources */,
			);
			runOnlyForDeploymentPostprocessing = 0;
		};
/* End PBXSourcesBuildPhase section */

/* Begin PBXTargetDependency section */
		8A3BCC94397940A6DD8FBD38 /* PBXTargetDependency */ = {
			isa = PBXTargetDependency;
			target = 5B7854CF3BE2D9B9128620EA /* TimerActivityWidgetExtension */;
			targetProxy = 3FC5EA8427B84ADC7825B830 /* PBXContainerItemProxy */;
		};
/* End PBXTargetDependency section */

/* Begin XCBuildConfiguration section */
		03D3602D63DB6BE7DC4E6D32 /* Debug */ = {
			isa = XCBuildConfiguration;
			buildSettings = {
				ASSETCATALOG_COMPILER_GLOBAL_ACCENT_COLOR_NAME = AccentColor;
				CODE_SIGN_STYLE = Automatic;
				CURRENT_PROJECT_VERSION = 8;
				DEVELOPMENT_TEAM = U3MBVHK77C;
				GENERATE_INFOPLIST_FILE = YES;
				INFOPLIST_FILE = TimerActivityWidget/Info.plist;
				INFOPLIST_KEY_CFBundleDisplayName = TimerActivityWidget;
				INFOPLIST_KEY_NSHumanReadableCopyright = "";
				LD_RUNPATH_SEARCH_PATHS = (
					"$(inherited)",
					"@executable_path/Frameworks",
					"@executable_path/../../Frameworks",
				);
				MARKETING_VERSION = 1.0;
				PRODUCT_BUNDLE_IDENTIFIER = com.zeve.IntervalAlertTimer.TimerActivityWidget;
				SDKROOT = iphoneos;
				SWIFT_EMIT_LOC_STRINGS = YES;
				SWIFT_VERSION = 6.0;
				TARGETED_DEVICE_FAMILY = "1,2";
			};
			name = Debug;
		};
		3C39E94DC34E418D6A28EAE2 /* Release */ = {
			isa = XCBuildConfiguration;
			buildSettings = {
				ASSETCATALOG_COMPILER_APPICON_NAME = AppIcon;
				ASSETCATALOG_COMPILER_GLOBAL_ACCENT_COLOR_NAME = AccentColor;
				CODE_SIGN_IDENTITY = "iPhone Developer";
				CODE_SIGN_STYLE = Automatic;
				CURRENT_PROJECT_VERSION = 8;
				DEVELOPMENT_TEAM = U3MBVHK77C;
				GENERATE_INFOPLIST_FILE = YES;
				INFOPLIST_KEY_NSSupportsLiveActivities = YES;
				INFOPLIST_KEY_UIApplicationSceneManifest_Generation = YES;
				INFOPLIST_KEY_UIApplicationSupportsIndirectInputEvents = YES;
				INFOPLIST_KEY_UILaunchScreen_Generation = YES;
				INFOPLIST_KEY_UISupportedInterfaceOrientations = UIInterfaceOrientationPortrait;
				INFOPLIST_KEY_UISupportedInterfaceOrientations_iPad = "UIInterfaceOrientationPortrait UIInterfaceOrientationPortraitUpsideDown UIInterfaceOrientationLandscapeLeft UIInterfaceOrientationLandscapeRight";
				LD_RUNPATH_SEARCH_PATHS = (
					"$(inherited)",
					"@executable_path/Frameworks",
				);
				MARKETING_VERSION = 1.0;
				PRODUCT_BUNDLE_IDENTIFIER = com.zeve.IntervalAlertTimer;
				SDKROOT = iphoneos;
				SWIFT_ACTIVE_COMPILATION_CONDITIONS = MAIN_APP;
				SWIFT_EMIT_LOC_STRINGS = YES;
				SWIFT_VERSION = 6.0;
				TARGETED_DEVICE_FAMILY = "1,2";
			};
			name = Release;
		};
		40A0D30D89A7CA6C58B5F9B8 /* Debug */ = {
			isa = XCBuildConfiguration;
			buildSettings = {
				ALWAYS_SEARCH_USER_PATHS = NO;
				CLANG_ANALYZER_NONNULL = YES;
				CLANG_ANALYZER_NUMBER_OBJECT_CONVERSION = YES_AGGRESSIVE;
				CLANG_CXX_LANGUAGE_STANDARD = "gnu++14";
				CLANG_CXX_LIBRARY = "libc++";
				CLANG_ENABLE_MODULES = YES;
				CLANG_ENABLE_OBJC_ARC = YES;
				CLANG_ENABLE_OBJC_WEAK = YES;
				CLANG_WARN_BLOCK_CAPTURE_AUTORELEASING = YES;
				CLANG_WARN_BOOL_CONVERSION = YES;
				CLANG_WARN_COMMA = YES;
				CLANG_WARN_CONSTANT_CONVERSION = YES;
				CLANG_WARN_DEPRECATED_OBJC_IMPLEMENTATIONS = YES;
				CLANG_WARN_DIRECT_OBJC_ISA_USAGE = YES_ERROR;
				CLANG_WARN_DOCUMENTATION_COMMENTS = YES;
				CLANG_WARN_EMPTY_BODY = YES;
				CLANG_WARN_ENUM_CONVERSION = YES;
				CLANG_WARN_INFINITE_RECURSION = YES;
				CLANG_WARN_INT_CONVERSION = YES;
				CLANG_WARN_NON_LITERAL_NULL_CONVERSION = YES;
				CLANG_WARN_OBJC_IMPLICIT_RETAIN_SELF = YES;
				CLANG_WARN_OBJC_LITERAL_CONVERSION = YES;
				CLANG_WARN_OBJC_ROOT_CLASS = YES_ERROR;
				CLANG_WARN_QUOTED_INCLUDE_IN_FRAMEWORK_HEADER = YES;
				CLANG_WARN_RANGE_LOOP_ANALYSIS = YES;
				CLANG_WARN_STRICT_PROTOTYPES = YES;
				CLANG_WARN_SUSPICIOUS_MOVE = YES;
				CLANG_WARN_UNGUARDED_AVAILABILITY = YES_AGGRESSIVE;
				CLANG_WARN_UNREACHABLE_CODE = YES;
				CLANG_WARN__DUPLICATE_METHOD_MATCH = YES;
				COPY_PHASE_STRIP = NO;
				DEBUG_INFORMATION_FORMAT = dwarf;
				ENABLE_STRICT_OBJC_MSGSEND = YES;
				ENABLE_TESTABILITY = YES;
				GCC_C_LANGUAGE_STANDARD = gnu11;
				GCC_DYNAMIC_NO_PIC = NO;
				GCC_NO_COMMON_BLOCKS = YES;
				GCC_OPTIMIZATION_LEVEL = 0;
				GCC_PREPROCESSOR_DEFINITIONS = (
					"$(inherited)",
					"DEBUG=1",
				);
				GCC_WARN_64_TO_32_BIT_CONVERSION = YES;
				GCC_WARN_ABOUT_RETURN_TYPE = YES_ERROR;
				GCC_WARN_UNDECLARED_SELECTOR = YES;
				GCC_WARN_UNINITIALIZED_AUTOS = YES_AGGRESSIVE;
				GCC_WARN_UNUSED_FUNCTION = YES;
				GCC_WARN_UNUSED_VARIABLE = YES;
				IPHONEOS_DEPLOYMENT_TARGET = 18.0;
				MTL_ENABLE_DEBUG_INFO = INCLUDE_SOURCE;
				MTL_FAST_MATH = YES;
				ONLY_ACTIVE_ARCH = YES;
				PRODUCT_NAME = "$(TARGET_NAME)";
				SDKROOT = iphoneos;
				SWIFT_ACTIVE_COMPILATION_CONDITIONS = DEBUG;
				SWIFT_OPTIMIZATION_LEVEL = "-Onone";
				SWIFT_VERSION = 5.0;
			};
			name = Debug;
		};
		76B8BFC6F83E1AE9636136C4 /* Release */ = {
			isa = XCBuildConfiguration;
			buildSettings = {
				ALWAYS_SEARCH_USER_PATHS = NO;
				CLANG_ANALYZER_NONNULL = YES;
				CLANG_ANALYZER_NUMBER_OBJECT_CONVERSION = YES_AGGRESSIVE;
				CLANG_CXX_LANGUAGE_STANDARD = "gnu++14";
				CLANG_CXX_LIBRARY = "libc++";
				CLANG_ENABLE_MODULES = YES;
				CLANG_ENABLE_OBJC_ARC = YES;
				CLANG_ENABLE_OBJC_WEAK = YES;
				CLANG_WARN_BLOCK_CAPTURE_AUTORELEASING = YES;
				CLANG_WARN_BOOL_CONVERSION = YES;
				CLANG_WARN_COMMA = YES;
				CLANG_WARN_CONSTANT_CONVERSION = YES;
				CLANG_WARN_DEPRECATED_OBJC_IMPLEMENTATIONS = YES;
				CLANG_WARN_DIRECT_OBJC_ISA_USAGE = YES_ERROR;
				CLANG_WARN_DOCUMENTATION_COMMENTS = YES;
				CLANG_WARN_EMPTY_BODY = YES;
				CLANG_WARN_ENUM_CONVERSION = YES;
				CLANG_WARN_INFINITE_RECURSION = YES;
				CLANG_WARN_INT_CONVERSION = YES;
				CLANG_WARN_NON_LITERAL_NULL_CONVERSION = YES;
				CLANG_WARN_OBJC_IMPLICIT_RETAIN_SELF = YES;
				CLANG_WARN_OBJC_LITERAL_CONVERSION = YES;
				CLANG_WARN_OBJC_ROOT_CLASS = YES_ERROR;
				CLANG_WARN_QUOTED_INCLUDE_IN_FRAMEWORK_HEADER = YES;
				CLANG_WARN_RANGE_LOOP_ANALYSIS = YES;
				CLANG_WARN_STRICT_PROTOTYPES = YES;
				CLANG_WARN_SUSPICIOUS_MOVE = YES;
				CLANG_WARN_UNGUARDED_AVAILABILITY = YES_AGGRESSIVE;
				CLANG_WARN_UNREACHABLE_CODE = YES;
				CLANG_WARN__DUPLICATE_METHOD_MATCH = YES;
				COPY_PHASE_STRIP = NO;
				DEBUG_INFORMATION_FORMAT = "dwarf-with-dsym";
				ENABLE_NS_ASSERTIONS = NO;
				ENABLE_STRICT_OBJC_MSGSEND = YES;
				GCC_C_LANGUAGE_STANDARD = gnu11;
				GCC_NO_COMMON_BLOCKS = YES;
				GCC_WARN_64_TO_32_BIT_CONVERSION = YES;
				GCC_WARN_ABOUT_RETURN_TYPE = YES_ERROR;
				GCC_WARN_UNDECLARED_SELECTOR = YES;
				GCC_WARN_UNINITIALIZED_AUTOS = YES_AGGRESSIVE;
				GCC_WARN_UNUSED_FUNCTION = YES;
				GCC_WARN_UNUSED_VARIABLE = YES;
				IPHONEOS_DEPLOYMENT_TARGET = 18.0;
				MTL_ENABLE_DEBUG_INFO = NO;
				MTL_FAST_MATH = YES;
				PRODUCT_NAME = "$(TARGET_NAME)";
				SDKROOT = iphoneos;
				SWIFT_COMPILATION_MODE = wholemodule;
				SWIFT_OPTIMIZATION_LEVEL = "-O";
				SWIFT_VERSION = 5.0;
			};
			name = Release;
		};
		8B7EBD353E813F3F80256439 /* Debug */ = {
			isa = XCBuildConfiguration;
			buildSettings = {
				ASSETCATALOG_COMPILER_APPICON_NAME = AppIcon;
				ASSETCATALOG_COMPILER_GLOBAL_ACCENT_COLOR_NAME = AccentColor;
				CODE_SIGN_IDENTITY = "iPhone Developer";
				CODE_SIGN_STYLE = Automatic;
				CURRENT_PROJECT_VERSION = 8;
				DEVELOPMENT_TEAM = U3MBVHK77C;
				GENERATE_INFOPLIST_FILE = YES;
				INFOPLIST_KEY_NSSupportsLiveActivities = YES;
				INFOPLIST_KEY_UIApplicationSceneManifest_Generation = YES;
				INFOPLIST_KEY_UIApplicationSupportsIndirectInputEvents = YES;
				INFOPLIST_KEY_UILaunchScreen_Generation = YES;
				INFOPLIST_KEY_UISupportedInterfaceOrientations = UIInterfaceOrientationPortrait;
				INFOPLIST_KEY_UISupportedInterfaceOrientations_iPad = "UIInterfaceOrientationPortrait UIInterfaceOrientationPortraitUpsideDown UIInterfaceOrientationLandscapeLeft UIInterfaceOrientationLandscapeRight";
				LD_RUNPATH_SEARCH_PATHS = (
					"$(inherited)",
					"@executable_path/Frameworks",
				);
				MARKETING_VERSION = 1.0;
				PRODUCT_BUNDLE_IDENTIFIER = com.zeve.IntervalAlertTimer;
				SDKROOT = iphoneos;
				SWIFT_ACTIVE_COMPILATION_CONDITIONS = "DEBUG MAIN_APP";
				SWIFT_EMIT_LOC_STRINGS = YES;
				SWIFT_VERSION = 6.0;
				TARGETED_DEVICE_FAMILY = "1,2";
			};
			name = Debug;
		};
		CE5C35F57E77C04B626BBB88 /* Release */ = {
			isa = XCBuildConfiguration;
			buildSettings = {
				ASSETCATALOG_COMPILER_GLOBAL_ACCENT_COLOR_NAME = AccentColor;
				CODE_SIGN_STYLE = Automatic;
				CURRENT_PROJECT_VERSION = 8;
				DEVELOPMENT_TEAM = U3MBVHK77C;
				GENERATE_INFOPLIST_FILE = YES;
				INFOPLIST_FILE = TimerActivityWidget/Info.plist;
				INFOPLIST_KEY_CFBundleDisplayName = TimerActivityWidget;
				INFOPLIST_KEY_NSHumanReadableCopyright = "";
				LD_RUNPATH_SEARCH_PATHS = (
					"$(inherited)",
					"@executable_path/Frameworks",
					"@executable_path/../../Frameworks",
				);
				MARKETING_VERSION = 1.0;
				PRODUCT_BUNDLE_IDENTIFIER = com.zeve.IntervalAlertTimer.TimerActivityWidget;
				SDKROOT = iphoneos;
				SWIFT_EMIT_LOC_STRINGS = YES;
				SWIFT_VERSION = 6.0;
				TARGETED_DEVICE_FAMILY = "1,2";
			};
			name = Release;
		};
/* End XCBuildConfiguration section */

/* Begin XCConfigurationList section */
		32EF395B50FAFE56D612B14C /* Build configuration list for PBXNativeTarget "IntervalAlertTimer" */ = {
			isa = XCConfigurationList;
			buildConfigurations = (
				8B7EBD353E813F3F80256439 /* Debug */,
				3C39E94DC34E418D6A28EAE2 /* Release */,
			);
			defaultConfigurationIsVisible = 0;
			defaultConfigurationName = Debug;
		};
		B1BAB1640A3DE373529A452A /* Build configuration list for PBXNativeTarget "TimerActivityWidgetExtension" */ = {
			isa = XCConfigurationList;
			buildConfigurations = (
				03D3602D63DB6BE7DC4E6D32 /* Debug */,
				CE5C35F57E77C04B626BBB88 /* Release */,
			);
			defaultConfigurationIsVisible = 0;
			defaultConfigurationName = Debug;
		};
		CA439D2B0512B6790532B3CA /* Build configuration list for PBXProject "IntervalAlertTimer" */ = {
			isa = XCConfigurationList;
			buildConfigurations = (
				40A0D30D89A7CA6C58B5F9B8 /* Debug */,
				76B8BFC6F83E1AE9636136C4 /* Release */,
			);
			defaultConfigurationIsVisible = 0;
			defaultConfigurationName = Debug;
		};
/* End XCConfigurationList section */
	};
	rootObject = 8D5D8011EFA45F12AF1EC3CF /* Project object */;
}
